
Microsoft Visual Studio Solution File, Format Version 12.00
# Visual Studio Version 16
VisualStudioVersion = 16.0.31702.278
MinimumVisualStudioVersion = 10.0.40219.1
Project("{FAE04EC0-301F-11D3-BF4B-00C04F79EFBC}") = "Kelime_App_VeriYapilari", "Kelime_App_VeriYapilari\Kelime_App_VeriYapilari.csproj", "{6D1538D3-63B2-49C3-A583-3F3104267405}"
EndProject
Global
	GlobalSection(SolutionConfigurationPlatforms) = preSolution
		Debug|Any CPU = Debug|Any CPU
		Release|Any CPU = Release|Any CPU
	EndGlobalSection
	GlobalSection(ProjectConfigurationPlatforms) = postSolution
		{6D1538D3-63B2-49C3-A583-3F3104267405}.Debug|Any CPU.ActiveCfg = Debug|Any CPU
		{6D1538D3-63B2-49C3-A583-3F3104267405}.Debug|Any CPU.Build.0 = Debug|Any CPU
		{6D1538D3-63B2-49C3-A583-3F3104267405}.Release|Any CPU.ActiveCfg = Release|Any CPU
		{6D1538D3-63B2-49C3-A583-3F3104267405}.Release|Any CPU.Build.0 = Release|Any CPU
	EndGlobalSection
	GlobalSection(SolutionProperties) = preSolution
		HideSolutionNode = FALSE
	EndGlobalSection
	GlobalSection(ExtensibilityGlobals) = postSolution
		SolutionGuid = {EA6957A2-2D81-40E2-AF24-A5C700A19F0E}
	EndGlobalSection
EndGlobal
